
Microsoft Visual Studio Solution File, Format Version 12.00
# Visual Studio 14
VisualStudioVersion = 14.0.25420.1
MinimumVisualStudioVersion = 10.0.40219.1
Project("{FAE04EC0-301F-11D3-BF4B-00C04F79EFBC}") = "MySitecoreApplication", "MySitecoreApplication\MySitecoreApplication.csproj", "{84B47A7C-F734-485E-92B1-A3E79D1107D9}"
EndProject
Project("{CAA73BB0-EF22-4D79-A57E-DF67B3BA9C80}") = "SitecoreTDSProject", "SitecoreTDSProject\SitecoreTDSProject.scproj", "{21CC5CE6-7790-4420-9DA9-30A15613F414}"
EndProject
Project("{FAE04EC0-301F-11D3-BF4B-00C04F79EFBC}") = "MyRepository", "MyRepository\MyRepository.csproj", "{36D50A5B-B542-420C-8D23-FAF729094476}"
EndProject
Global
	GlobalSection(SolutionConfigurationPlatforms) = preSolution
		Debug|Any CPU = Debug|Any CPU
		Release|Any CPU = Release|Any CPU
	EndGlobalSection
	GlobalSection(ProjectConfigurationPlatforms) = postSolution
		{84B47A7C-F734-485E-92B1-A3E79D1107D9}.Debug|Any CPU.ActiveCfg = Debug|Any CPU
		{84B47A7C-F734-485E-92B1-A3E79D1107D9}.Debug|Any CPU.Build.0 = Debug|Any CPU
		{84B47A7C-F734-485E-92B1-A3E79D1107D9}.Release|Any CPU.ActiveCfg = Release|Any CPU
		{84B47A7C-F734-485E-92B1-A3E79D1107D9}.Release|Any CPU.Build.0 = Release|Any CPU
		{21CC5CE6-7790-4420-9DA9-30A15613F414}.Debug|Any CPU.ActiveCfg = Debug|Any CPU
		{21CC5CE6-7790-4420-9DA9-30A15613F414}.Debug|Any CPU.Build.0 = Debug|Any CPU
		{21CC5CE6-7790-4420-9DA9-30A15613F414}.Debug|Any CPU.Deploy.0 = Debug|Any CPU
		{21CC5CE6-7790-4420-9DA9-30A15613F414}.Release|Any CPU.ActiveCfg = Release|Any CPU
		{21CC5CE6-7790-4420-9DA9-30A15613F414}.Release|Any CPU.Build.0 = Release|Any CPU
		{21CC5CE6-7790-4420-9DA9-30A15613F414}.Release|Any CPU.Deploy.0 = Release|Any CPU
		{36D50A5B-B542-420C-8D23-FAF729094476}.Debug|Any CPU.ActiveCfg = Debug|Any CPU
		{36D50A5B-B542-420C-8D23-FAF729094476}.Debug|Any CPU.Build.0 = Debug|Any CPU
		{36D50A5B-B542-420C-8D23-FAF729094476}.Release|Any CPU.ActiveCfg = Release|Any CPU
		{36D50A5B-B542-420C-8D23-FAF729094476}.Release|Any CPU.Build.0 = Release|Any CPU
	EndGlobalSection
	GlobalSection(SolutionProperties) = preSolution
		HideSolutionNode = FALSE
	EndGlobalSection
EndGlobal
